// !$*UTF8*$!
{
	archiveVersion = 1;
	classes = {
	};
	objectVersion = 46;
	objects = {

/* Begin PBXBuildFile section */
		D6D4F4EB1D5B6AD8001B9742 /* main.m in Sources */ = {isa = PBXBuildFile; fileRef = D6D4F4EA1D5B6AD8001B9742 /* main.m */; };
		D6D4F4EE1D5B6AD8001B9742 /* AppDelegate.m in Sources */ = {isa = PBXBuildFile; fileRef = D6D4F4ED1D5B6AD8001B9742 /* AppDelegate.m */; };
		D6D4F4F61D5B6AD8001B9742 /* Assets.xcassets in Resources */ = {isa = PBXBuildFile; fileRef = D6D4F4F51D5B6AD8001B9742 /* Assets.xcassets */; };
		D6D4F4F91D5B6AD8001B9742 /* LaunchScreen.storyboard in Resources */ = {isa = PBXBuildFile; fileRef = D6D4F4F71D5B6AD8001B9742 /* LaunchScreen.storyboard */; };
		D6D4F5071D5B6B3A001B9742 /* JCViewController.m in Sources */ = {isa = PBXBuildFile; fileRef = D6D4F5051D5B6B3A001B9742 /* JCViewController.m */; };
		D6D4F5081D5B6B3A001B9742 /* JCViewController.xib in Resources */ = {isa = PBXBuildFile; fileRef = D6D4F5061D5B6B3A001B9742 /* JCViewController.xib */; };
/* End PBXBuildFile section */

/* Begin PBXFileReference section */
		D6D4F4E61D5B6AD8001B9742 /* Before-iOS7-NativeTOJS.app */ = {isa = PBXFileReference; explicitFileType = wrapper.application; includeInIndex = 0; path = "Before-iOS7-NativeTOJS.app"; sourceTree = BUILT_PRODUCTS_DIR; };
		D6D4F4EA1D5B6AD8001B9742 /* main.m */ = {isa = PBXFileReference; lastKnownFileType = sourcecode.c.objc; path = main.m; sourceTree = "<group>"; };
		D6D4F4EC1D5B6AD8001B9742 /* AppDelegate.h */ = {isa = PBXFileReference; lastKnownFileType = sourcecode.c.h; path = AppDelegate.h; sourceTree = "<group>"; };
		D6D4F4ED1D5B6AD8001B9742 /* AppDelegate.m */ = {isa = PBXFileReference; lastKnownFileType = sourcecode.c.objc; path = AppDelegate.m; sourceTree = "<group>"; };
		D6D4F4F51D5B6AD8001B9742 /* Assets.xcassets */ = {isa = PBXFileReference; lastKnownFileType = folder.assetcatalog; path = Assets.xcassets; sourceTree = "<group>"; };
		D6D4F4F81D5B6AD8001B9742 /* Base */ = {isa = PBXFileReference; lastKnownFileType = file.storyboard; name = Base; path = Base.lproj/LaunchScreen.storyboard; sourceTree = "<group>"; };
		D6D4F4FA1D5B6AD8001B9742 /* Info.plist */ = {isa = PBXFileReference; lastKnownFileType = text.plist.xml; path = Info.plist; sourceTree = "<group>"; };
		D6D4F5041D5B6B3A001B9742 /* JCViewController.h */ = {isa = PBXFileReference; fileEncoding = 4; lastKnownFileType = sourcecode.c.h; path = JCViewController.h; sourceTree = "<group>"; };
		D6D4F5051D5B6B3A001B9742 /* JCViewController.m */ = {isa = PBXFileReference; fileEncoding = 4; lastKnownFileType = sourcecode.c.objc; path = JCViewController.m; sourceTree = "<group>"; };
		D6D4F5061D5B6B3A001B9742 /* JCViewController.xib */ = {isa = PBXFileReference; fileEncoding = 4; lastKnownFileType = file.xib; path = JCViewController.xib; sourceTree = "<group>"; };
/* End PBXFileReference section */

/* Begin PBXFrameworksBuildPhase section */
		D6D4F4E31D5B6AD8001B9742 /* Frameworks */ = {
			isa = PBXFrameworksBuildPhase;
			buildActionMask = 2147483647;
			files = (
			);
			runOnlyForDeploymentPostprocessing = 0;
		};
/* End PBXFrameworksBuildPhase section */

/* Begin PBXGroup section */
		D6D4F4DD1D5B6AD8001B9742 = {
			isa = PBXGroup;
			children = (
				D6D4F4E81D5B6AD8001B9742 /* Before-iOS7-NativeTOJS */,
				D6D4F4E71D5B6AD8001B9742 /* Products */,
			);
			sourceTree = "<group>";
		};
		D6D4F4E71D5B6AD8001B9742 /* Products */ = {
			isa = PBXGroup;
			children = (
				D6D4F4E61D5B6AD8001B9742 /* Before-iOS7-NativeTOJS.app */,
			);
			name = Products;
			sourceTree = "<group>";
		};
		D6D4F4E81D5B6AD8001B9742 /* Before-iOS7-NativeTOJS */ = {
			isa = PBXGroup;
			children = (
				D6D4F5001D5B6AE4001B9742 /* Application */,
				D6D4F5011D5B6AFB001B9742 /* Class */,
				D6D4F4E91D5B6AD8001B9742 /* Supporting Files */,
			);
			path = "Before-iOS7-NativeTOJS";
			sourceTree = "<group>";
		};
		D6D4F4E91D5B6AD8001B9742 /* Supporting Files */ = {
			isa = PBXGroup;
			children = (
				D6D4F4F51D5B6AD8001B9742 /* Assets.xcassets */,
				D6D4F4F71D5B6AD8001B9742 /* LaunchScreen.storyboard */,
				D6D4F4FA1D5B6AD8001B9742 /* Info.plist */,
			);
			name = "Supporting Files";
			sourceTree = "<group>";
		};
		D6D4F5001D5B6AE4001B9742 /* Application */ = {
			isa = PBXGroup;
			children = (
				D6D4F4EA1D5B6AD8001B9742 /* main.m */,
				D6D4F4EC1D5B6AD8001B9742 /* AppDelegate.h */,
				D6D4F4ED1D5B6AD8001B9742 /* AppDelegate.m */,
			);
			name = Application;
			sourceTree = "<group>";
		};
		D6D4F5011D5B6AFB001B9742 /* Class */ = {
			isa = PBXGroup;
			children = (
				D6D4F5021D5B6B03001B9742 /* Controller */,
			);
			name = Class;
			sourceTree = "<group>";
		};
		D6D4F5021D5B6B03001B9742 /* Controller */ = {
			isa = PBXGroup;
			children = (
				D6D4F5041D5B6B3A001B9742 /* JCViewController.h */,
				D6D4F5051D5B6B3A001B9742 /* JCViewController.m */,
				D6D4F5061D5B6B3A001B9742 /* JCViewController.xib */,
			);
			name = Controller;
			sourceTree = "<group>";
		};
/* End PBXGroup section */

/* Begin PBXNativeTarget section */
		D6D4F4E51D5B6AD8001B9742 /* Before-iOS7-NativeTOJS */ = {
			isa = PBXNativeTarget;
			buildConfigurationList = D6D4F4FD1D5B6AD8001B9742 /* Build configuration list for PBXNativeTarget "Before-iOS7-NativeTOJS" */;
			buildPhases = (
				D6D4F4E21D5B6AD8001B9742 /* Sources */,
				D6D4F4E31D5B6AD8001B9742 /* Frameworks */,
				D6D4F4E41D5B6AD8001B9742 /* Resources */,
			);
			buildRules = (
			);
			dependencies = (
			);
			name = "Before-iOS7-NativeTOJS";
			productName = "Before-iOS7-NativeTOJS";
			productReference = D6D4F4E61D5B6AD8001B9742 /* Before-iOS7-NativeTOJS.app */;
			productType = "com.apple.product-type.application";
		};
/* End PBXNativeTarget section */

/* Begin PBXProject section */
		D6D4F4DE1D5B6AD8001B9742 /* Project object */ = {
			isa = PBXProject;
			attributes = {
				LastUpgradeCheck = 0730;
				ORGANIZATIONNAME = "JC'Chan";
				TargetAttributes = {
					D6D4F4E51D5B6AD8001B9742 = {
						CreatedOnToolsVersion = 7.3.1;
						DevelopmentTeam = 26739ZC4WY;
					};
				};
			};
			buildConfigurationList = D6D4F4E11D5B6AD8001B9742 /* Build configuration list for PBXProject "Before-iOS7-NativeTOJS" */;
			compatibilityVersion = "Xcode 3.2";
			developmentRegion = English;
			hasScannedForEncodings = 0;
			knownRegions = (
				en,
				Base,
			);
			mainGroup = D6D4F4DD1D5B6AD8001B9742;
			productRefGroup = D6D4F4E71D5B6AD8001B9742 /* Products */;
			projectDirPath = "";
			projectRoot = "";
			targets = (
				D6D4F4E51D5B6AD8001B9742 /* Before-iOS7-NativeTOJS */,
			);
		};
/* End PBXProject section */

/* Begin PBXResourcesBuildPhase section */
		D6D4F4E41D5B6AD8001B9742 /* Resources */ = {
			isa = PBXResourcesBuildPhase;
			buildActionMask = 2147483647;
			files = (
				D6D4F4F91D5B6AD8001B9742 /* LaunchScreen.storyboard in Resources */,
				D6D4F5081D5B6B3A001B9742 /* JCViewController.xib in Resources */,
				D6D4F4F61D5B6AD8001B9742 /* Assets.xcassets in Resources */,
			);
			runOnlyForDeploymentPostprocessing = 0;
		};
/* End PBXResourcesBuildPhase section */

/* Begin PBXSourcesBuildPhase section */
		D6D4F4E21D5B6AD8001B9742 /* Sources */ = {
			isa = PBXSourcesBuildPhase;
			buildActionMask = 2147483647;
			files = (
				D6D4F5071D5B6B3A001B9742 /* JCViewController.m in Sources */,
				D6D4F4EE1D5B6AD8001B9742 /* AppDelegate.m in Sources */,
				D6D4F4EB1D5B6AD8001B9742 /* main.m in Sources */,
			);
			runOnlyForDeploymentPostprocessing = 0;
		};
/* End PBXSourcesBuildPhase section */

/* Begin PBXVariantGroup section */
		D6D4F4F71D5B6AD8001B9742 /* LaunchScreen.storyboard */ = {
			isa = PBXVariantGroup;
			children = (
				D6D4F4F81D5B6AD8001B9742 /* Base */,
			);
			name = LaunchScreen.storyboard;
			sourceTree = "<group>";
		};
/* End PBXVariantGroup section */

/* Begin XCBuildConfiguration section */
		D6D4F4FB1D5B6AD8001B9742 /* Debug */ = {
			isa = XCBuildConfiguration;
			buildSettings = {
				ALWAYS_SEARCH_USER_PATHS = NO;
				CLANG_ANALYZER_NONNULL = YES;
				CLANG_CXX_LANGUAGE_STANDARD = "gnu++0x";
				CLANG_CXX_LIBRARY = "libc++";
				CLANG_ENABLE_MODULES = YES;
				CLANG_ENABLE_OBJC_ARC = YES;
				CLANG_WARN_BOOL_CONVERSION = YES;
				CLANG_WARN_CONSTANT_CONVERSION = YES;
				CLANG_WARN_DIRECT_OBJC_ISA_USAGE = YES_ERROR;
				CLANG_WARN_EMPTY_BODY = YES;
				CLANG_WARN_ENUM_CONVERSION = YES;
				CLANG_WARN_INT_CONVERSION = YES;
				CLANG_WARN_OBJC_ROOT_CLASS = YES_ERROR;
				CLANG_WARN_UNREACHABLE_CODE = YES;
				CLANG_WARN__DUPLICATE_METHOD_MATCH = YES;
				"CODE_SIGN_IDENTITY[sdk=iphoneos*]" = "iPhone Developer";
				COPY_PHASE_STRIP = NO;
				DEBUG_INFORMATION_FORMAT = dwarf;
				ENABLE_STRICT_OBJC_MSGSEND = YES;
				ENABLE_TESTABILITY = YES;
				GCC_C_LANGUAGE_STANDARD = gnu99;
				GCC_DYNAMIC_NO_PIC = NO;
				GCC_NO_COMMON_BLOCKS = YES;
				GCC_OPTIMIZATION_LEVEL = 0;
				GCC_PREPROCESSOR_DEFINITIONS = (
					"DEBUG=1",
					"$(inherited)",
				);
				GCC_WARN_64_TO_32_BIT_CONVERSION = YES;
				GCC_WARN_ABOUT_RETURN_TYPE = YES_ERROR;
				GCC_WARN_UNDECLARED_SELECTOR = YES;
				GCC_WARN_UNINITIALIZED_AUTOS = YES_AGGRESSIVE;
				GCC_WARN_UNUSED_FUNCTION = YES;
				GCC_WARN_UNUSED_VARIABLE = YES;
				IPHONEOS_DEPLOYMENT_TARGET = 9.3;
				MTL_ENABLE_DEBUG_INFO = YES;
				ONLY_ACTIVE_ARCH = YES;
				SDKROOT = iphoneos;
			};
			name = Debug;
		};
		D6D4F4FC1D5B6AD8001B9742 /* Release */ = {
			isa = XCBuildConfiguration;
			buildSettings = {
				ALWAYS_SEARCH_USER_PATHS = NO;
				CLANG_ANALYZER_NONNULL = YES;
				CLANG_CXX_LANGUAGE_STANDARD = "gnu++0x";
				CLANG_CXX_LIBRARY = "libc++";
				CLANG_ENABLE_MODULES = YES;
				CLANG_ENABLE_OBJC_ARC = YES;
				CLANG_WARN_BOOL_CONVERSION = YES;
				CLANG_WARN_CONSTANT_CONVERSION = YES;
				CLANG_WARN_DIRECT_OBJC_ISA_USAGE = YES_ERROR;
				CLANG_WARN_EMPTY_BODY = YES;
				CLANG_WARN_ENUM_CONVERSION = YES;
				CLANG_WARN_INT_CONVERSION = YES;
				CLANG_WARN_OBJC_ROOT_CLASS = YES_ERROR;
				CLANG_WARN_UNREACHABLE_CODE = YES;
				CLANG_WARN__DUPLICATE_METHOD_MATCH = YES;
				"CODE_SIGN_IDENTITY[sdk=iphoneos*]" = "iPhone Developer";
				COPY_PHASE_STRIP = NO;
				DEBUG_INFORMATION_FORMAT = "dwarf-with-dsym";
				ENABLE_NS_ASSERTIONS = NO;
				ENABLE_STRICT_OBJC_MSGSEND = YES;
				GCC_C_LANGUAGE_STANDARD = gnu99;
				GCC_NO_COMMON_BLOCKS = YES;
				GCC_WARN_64_TO_32_BIT_CONVERSION = YES;
				GCC_WARN_ABOUT_RETURN_TYPE = YES_ERROR;
				GCC_WARN_UNDECLARED_SELECTOR = YES;
				GCC_WARN_UNINITIALIZED_AUTOS = YES_AGGRESSIVE;
				GCC_WARN_UNUSED_FUNCTION = YES;
				GCC_WARN_UNUSED_VARIABLE = YES;
				IPHONEOS_DEPLOYMENT_TARGET = 9.3;
				MTL_ENABLE_DEBUG_INFO = NO;
				SDKROOT = iphoneos;
				VALIDATE_PRODUCT = YES;
			};
			name = Release;
		};
		D6D4F4FE1D5B6AD8001B9742 /* Debug */ = {
			isa = XCBuildConfiguration;
			buildSettings = {
				ASSETCATALOG_COMPILER_APPICON_NAME = AppIcon;
				INFOPLIST_FILE = "Before-iOS7-NativeTOJS/Info.plist";
				LD_RUNPATH_SEARCH_PATHS = "$(inherited) @executable_path/Frameworks";
				PRODUCT_BUNDLE_IDENTIFIER = "com.oriochan.www.Before-iOS7-NativeTOJS";
				PRODUCT_NAME = "$(TARGET_NAME)";
			};
			name = Debug;
		};
		D6D4F4FF1D5B6AD8001B9742 /* Release */ = {
			isa = XCBuildConfiguration;
			buildSettings = {
				ASSETCATALOG_COMPILER_APPICON_NAME = AppIcon;
				INFOPLIST_FILE = "Before-iOS7-NativeTOJS/Info.plist";
				LD_RUNPATH_SEARCH_PATHS = "$(inherited) @executable_path/Frameworks";
				PRODUCT_BUNDLE_IDENTIFIER = "com.oriochan.www.Before-iOS7-NativeTOJS";
				PRODUCT_NAME = "$(TARGET_NAME)";
			};
			name = Release;
		};
/* End XCBuildConfiguration section */

/* Begin XCConfigurationList section */
		D6D4F4E11D5B6AD8001B9742 /* Build configuration list for PBXProject "Before-iOS7-NativeTOJS" */ = {
			isa = XCConfigurationList;
			buildConfigurations = (
				D6D4F4FB1D5B6AD8001B9742 /* Debug */,
				D6D4F4FC1D5B6AD8001B9742 /* Release */,
			);
			defaultConfigurationIsVisible = 0;
			defaultConfigurationName = Release;
		};
		D6D4F4FD1D5B6AD8001B9742 /* Build configuration list for PBXNativeTarget "Before-iOS7-NativeTOJS" */ = {
			isa = XCConfigurationList;
			buildConfigurations = (
				D6D4F4FE1D5B6AD8001B9742 /* Debug */,
				D6D4F4FF1D5B6AD8001B9742 /* Release */,
			);
			defaultConfigurationIsVisible = 0;
		};
/* End XCConfigurationList section */
	};
	rootObject = D6D4F4DE1D5B6AD8001B9742 /* Project object */;
}
